
Microsoft Visual Studio Solution File, Format Version 12.00
# Visual Studio Version 17
VisualStudioVersion = 17.3.32929.385
MinimumVisualStudioVersion = 10.0.40219.1
Project("{FAE04EC0-301F-11D3-BF4B-00C04F79EFBC}") = "dragendrop", "dragendrop\dragendrop.csproj", "{1B474DD5-9C34-4255-BED0-01047973F5CC}"
EndProject
Global
	GlobalSection(SolutionConfigurationPlatforms) = preSolution
		Debug|Any CPU = Debug|Any CPU
		Release|Any CPU = Release|Any CPU
	EndGlobalSection
	GlobalSection(ProjectConfigurationPlatforms) = postSolution
		{1B474DD5-9C34-4255-BED0-01047973F5CC}.Debug|Any CPU.ActiveCfg = Debug|Any CPU
		{1B474DD5-9C34-4255-BED0-01047973F5CC}.Debug|Any CPU.Build.0 = Debug|Any CPU
		{1B474DD5-9C34-4255-BED0-01047973F5CC}.Release|Any CPU.ActiveCfg = Release|Any CPU
		{1B474DD5-9C34-4255-BED0-01047973F5CC}.Release|Any CPU.Build.0 = Release|Any CPU
	EndGlobalSection
	GlobalSection(SolutionProperties) = preSolution
		HideSolutionNode = FALSE
	EndGlobalSection
	GlobalSection(ExtensibilityGlobals) = postSolution
		SolutionGuid = {30DE5E9D-A994-4491-BDAA-F767D6E9172A}
	EndGlobalSection
EndGlobal
